
Microsoft Visual Studio Solution File, Format Version 12.00
# Visual Studio Version 17
VisualStudioVersion = 17.14.36221.1 d17.14
MinimumVisualStudioVersion = 10.0.40219.1
Project("{2150E333-8FDC-42A3-9474-1A3956D46DE8}") = "src", "src", "{02EA681E-C7D8-13C7-8484-4AC65E1B71E8}"
EndProject
Project("{FAE04EC0-301F-11D3-BF4B-00C04F79EFBC}") = "GMS25", "src\GMS25\GMS25.csproj", "{60DEE730-DF2A-4080-A97F-8CEC00E9DBAD}"
EndProject
Project("{FAE04EC0-301F-11D3-BF4B-00C04F79EFBC}") = "GMS.Repositories", "GMS.Repositories\GMS.Repositories.csproj", "{DF7E3849-9D9E-4648-9F96-0C7F1D2D98C4}"
EndProject
Project("{FAE04EC0-301F-11D3-BF4B-00C04F79EFBC}") = "GMS.DB", "GMS.DB\GMS.DB.csproj", "{5610F091-C983-4FB5-A775-BC9976312AED}"
EndProject
Project("{FAE04EC0-301F-11D3-BF4B-00C04F79EFBC}") = "GMS.Models", "GMS.Models\GMS.Models.csproj", "{278E9131-A521-4AB0-82E4-5B7D2A18C537}"
EndProject
Project("{FAE04EC0-301F-11D3-BF4B-00C04F79EFBC}") = "GMS.Services", "GMS.Services\GMS.Services.csproj", "{1052FC65-0C60-4241-A4C9-B97AF2ED2888}"
EndProject
Global
	GlobalSection(SolutionConfigurationPlatforms) = preSolution
		Debug|Any CPU = Debug|Any CPU
		Release|Any CPU = Release|Any CPU
	EndGlobalSection
	GlobalSection(ProjectConfigurationPlatforms) = postSolution
		{60DEE730-DF2A-4080-A97F-8CEC00E9DBAD}.Debug|Any CPU.ActiveCfg = Debug|Any CPU
		{60DEE730-DF2A-4080-A97F-8CEC00E9DBAD}.Debug|Any CPU.Build.0 = Debug|Any CPU
		{60DEE730-DF2A-4080-A97F-8CEC00E9DBAD}.Release|Any CPU.ActiveCfg = Release|Any CPU
		{60DEE730-DF2A-4080-A97F-8CEC00E9DBAD}.Release|Any CPU.Build.0 = Release|Any CPU
		{DF7E3849-9D9E-4648-9F96-0C7F1D2D98C4}.Debug|Any CPU.ActiveCfg = Debug|Any CPU
		{DF7E3849-9D9E-4648-9F96-0C7F1D2D98C4}.Debug|Any CPU.Build.0 = Debug|Any CPU
		{DF7E3849-9D9E-4648-9F96-0C7F1D2D98C4}.Release|Any CPU.ActiveCfg = Release|Any CPU
		{DF7E3849-9D9E-4648-9F96-0C7F1D2D98C4}.Release|Any CPU.Build.0 = Release|Any CPU
		{5610F091-C983-4FB5-A775-BC9976312AED}.Debug|Any CPU.ActiveCfg = Debug|Any CPU
		{5610F091-C983-4FB5-A775-BC9976312AED}.Debug|Any CPU.Build.0 = Debug|Any CPU
		{5610F091-C983-4FB5-A775-BC9976312AED}.Release|Any CPU.ActiveCfg = Release|Any CPU
		{5610F091-C983-4FB5-A775-BC9976312AED}.Release|Any CPU.Build.0 = Release|Any CPU
		{278E9131-A521-4AB0-82E4-5B7D2A18C537}.Debug|Any CPU.ActiveCfg = Debug|Any CPU
		{278E9131-A521-4AB0-82E4-5B7D2A18C537}.Debug|Any CPU.Build.0 = Debug|Any CPU
		{278E9131-A521-4AB0-82E4-5B7D2A18C537}.Release|Any CPU.ActiveCfg = Release|Any CPU
		{278E9131-A521-4AB0-82E4-5B7D2A18C537}.Release|Any CPU.Build.0 = Release|Any CPU
		{1052FC65-0C60-4241-A4C9-B97AF2ED2888}.Debug|Any CPU.ActiveCfg = Debug|Any CPU
		{1052FC65-0C60-4241-A4C9-B97AF2ED2888}.Debug|Any CPU.Build.0 = Debug|Any CPU
		{1052FC65-0C60-4241-A4C9-B97AF2ED2888}.Release|Any CPU.ActiveCfg = Release|Any CPU
		{1052FC65-0C60-4241-A4C9-B97AF2ED2888}.Release|Any CPU.Build.0 = Release|Any CPU
	EndGlobalSection
	GlobalSection(SolutionProperties) = preSolution
		HideSolutionNode = FALSE
	EndGlobalSection
	GlobalSection(NestedProjects) = preSolution
		{60DEE730-DF2A-4080-A97F-8CEC00E9DBAD} = {02EA681E-C7D8-13C7-8484-4AC65E1B71E8}
		{DF7E3849-9D9E-4648-9F96-0C7F1D2D98C4} = {02EA681E-C7D8-13C7-8484-4AC65E1B71E8}
		{5610F091-C983-4FB5-A775-BC9976312AED} = {02EA681E-C7D8-13C7-8484-4AC65E1B71E8}
		{278E9131-A521-4AB0-82E4-5B7D2A18C537} = {02EA681E-C7D8-13C7-8484-4AC65E1B71E8}
		{1052FC65-0C60-4241-A4C9-B97AF2ED2888} = {02EA681E-C7D8-13C7-8484-4AC65E1B71E8}
	EndGlobalSection
	GlobalSection(ExtensibilityGlobals) = postSolution
		SolutionGuid = {F8B86DBE-90FF-466F-B5B4-EA529C1E6AC5}
	EndGlobalSection
EndGlobal
